
Microsoft Visual Studio Solution File, Format Version 12.00
# Visual Studio 15
VisualStudioVersion = 15.0.28307.421
MinimumVisualStudioVersion = 10.0.40219.1
Project("{FAE04EC0-301F-11D3-BF4B-00C04F79EFBC}") = "Rozgrywki_Meczowe", "Rozgrywki_Meczowe\Rozgrywki_Meczowe.csproj", "{E52D85A5-5EC7-4A32-8A1E-06ED41CB2D22}"
EndProject
Global
	GlobalSection(SolutionConfigurationPlatforms) = preSolution
		Debug|Any CPU = Debug|Any CPU
		Release|Any CPU = Release|Any CPU
	EndGlobalSection
	GlobalSection(ProjectConfigurationPlatforms) = postSolution
		{E52D85A5-5EC7-4A32-8A1E-06ED41CB2D22}.Debug|Any CPU.ActiveCfg = Debug|Any CPU
		{E52D85A5-5EC7-4A32-8A1E-06ED41CB2D22}.Debug|Any CPU.Build.0 = Debug|Any CPU
		{E52D85A5-5EC7-4A32-8A1E-06ED41CB2D22}.Release|Any CPU.ActiveCfg = Release|Any CPU
		{E52D85A5-5EC7-4A32-8A1E-06ED41CB2D22}.Release|Any CPU.Build.0 = Release|Any CPU
	EndGlobalSection
	GlobalSection(SolutionProperties) = preSolution
		HideSolutionNode = FALSE
	EndGlobalSection
	GlobalSection(ExtensibilityGlobals) = postSolution
		SolutionGuid = {46BEA25B-4152-4B50-B44A-433735B3FCA5}
	EndGlobalSection
EndGlobal
