
Microsoft Visual Studio Solution File, Format Version 12.00
# Visual Studio 15
VisualStudioVersion = 15.0.28307.421
MinimumVisualStudioVersion = 10.0.40219.1
Project("{9A19103F-16F7-4668-BE54-9A1E7A4F7556}") = "FizzBuzzApp", "FizzBuzzApp.csproj", "{B54158B5-F892-4A21-BAB2-DC6A75C3E0A0}"
EndProject
Global
	GlobalSection(SolutionConfigurationPlatforms) = preSolution
		Debug|Any CPU = Debug|Any CPU
		Release|Any CPU = Release|Any CPU
	EndGlobalSection
	GlobalSection(ProjectConfigurationPlatforms) = postSolution
		{B54158B5-F892-4A21-BAB2-DC6A75C3E0A0}.Debug|Any CPU.ActiveCfg = Debug|Any CPU
		{B54158B5-F892-4A21-BAB2-DC6A75C3E0A0}.Debug|Any CPU.Build.0 = Debug|Any CPU
		{B54158B5-F892-4A21-BAB2-DC6A75C3E0A0}.Release|Any CPU.ActiveCfg = Release|Any CPU
		{B54158B5-F892-4A21-BAB2-DC6A75C3E0A0}.Release|Any CPU.Build.0 = Release|Any CPU
	EndGlobalSection
	GlobalSection(SolutionProperties) = preSolution
		HideSolutionNode = FALSE
	EndGlobalSection
	GlobalSection(ExtensibilityGlobals) = postSolution
		SolutionGuid = {E0E58C7F-0C29-47C4-93FC-C009F60B2B28}
	EndGlobalSection
EndGlobal
